
Microsoft Visual Studio Solution File, Format Version 12.00
# Visual Studio Version 17
VisualStudioVersion = 17.1.32407.343
MinimumVisualStudioVersion = 10.0.40219.1
Project("{FAE04EC0-301F-11D3-BF4B-00C04F79EFBC}") = "BooliBot.Service", "BooliBot.Service\BooliBot.Service.csproj", "{F583375F-4679-4761-BB5B-AF9E1159BD1C}"
EndProject
Project("{FAE04EC0-301F-11D3-BF4B-00C04F79EFBC}") = "BooliBot.Discord", "BooliBot.Discord\BooliBot.Discord.csproj", "{0013CC48-0108-4554-9734-4705ED506517}"
EndProject
Project("{FAE04EC0-301F-11D3-BF4B-00C04F79EFBC}") = "BooliBot.GameServer", "BooliBot.GameServer\BooliBot.GameServer.csproj", "{AF1164A5-D68E-4367-9A32-C3CDEE8F2E6E}"
EndProject
Project("{FAE04EC0-301F-11D3-BF4B-00C04F79EFBC}") = "BooliBot.Common", "BooliBot.Common\BooliBot.Common.csproj", "{694EA3AB-5D0B-4DB7-AEAA-0144BF7A496C}"
EndProject
Project("{FAE04EC0-301F-11D3-BF4B-00C04F79EFBC}") = "BooliBot.Bully", "BooliBot.Bully\BooliBot.Bully.csproj", "{48260FA3-8D01-4E56-BBEC-249B3D057E00}"
EndProject
Global
	GlobalSection(SolutionConfigurationPlatforms) = preSolution
		Debug|Any CPU = Debug|Any CPU
		Release|Any CPU = Release|Any CPU
	EndGlobalSection
	GlobalSection(ProjectConfigurationPlatforms) = postSolution
		{F583375F-4679-4761-BB5B-AF9E1159BD1C}.Debug|Any CPU.ActiveCfg = Debug|Any CPU
		{F583375F-4679-4761-BB5B-AF9E1159BD1C}.Debug|Any CPU.Build.0 = Debug|Any CPU
		{F583375F-4679-4761-BB5B-AF9E1159BD1C}.Release|Any CPU.ActiveCfg = Release|Any CPU
		{F583375F-4679-4761-BB5B-AF9E1159BD1C}.Release|Any CPU.Build.0 = Release|Any CPU
		{0013CC48-0108-4554-9734-4705ED506517}.Debug|Any CPU.ActiveCfg = Debug|Any CPU
		{0013CC48-0108-4554-9734-4705ED506517}.Debug|Any CPU.Build.0 = Debug|Any CPU
		{0013CC48-0108-4554-9734-4705ED506517}.Release|Any CPU.ActiveCfg = Release|Any CPU
		{0013CC48-0108-4554-9734-4705ED506517}.Release|Any CPU.Build.0 = Release|Any CPU
		{AF1164A5-D68E-4367-9A32-C3CDEE8F2E6E}.Debug|Any CPU.ActiveCfg = Debug|Any CPU
		{AF1164A5-D68E-4367-9A32-C3CDEE8F2E6E}.Debug|Any CPU.Build.0 = Debug|Any CPU
		{AF1164A5-D68E-4367-9A32-C3CDEE8F2E6E}.Release|Any CPU.ActiveCfg = Release|Any CPU
		{AF1164A5-D68E-4367-9A32-C3CDEE8F2E6E}.Release|Any CPU.Build.0 = Release|Any CPU
		{694EA3AB-5D0B-4DB7-AEAA-0144BF7A496C}.Debug|Any CPU.ActiveCfg = Debug|Any CPU
		{694EA3AB-5D0B-4DB7-AEAA-0144BF7A496C}.Debug|Any CPU.Build.0 = Debug|Any CPU
		{694EA3AB-5D0B-4DB7-AEAA-0144BF7A496C}.Release|Any CPU.ActiveCfg = Release|Any CPU
		{694EA3AB-5D0B-4DB7-AEAA-0144BF7A496C}.Release|Any CPU.Build.0 = Release|Any CPU
		{48260FA3-8D01-4E56-BBEC-249B3D057E00}.Debug|Any CPU.ActiveCfg = Debug|Any CPU
		{48260FA3-8D01-4E56-BBEC-249B3D057E00}.Debug|Any CPU.Build.0 = Debug|Any CPU
		{48260FA3-8D01-4E56-BBEC-249B3D057E00}.Release|Any CPU.ActiveCfg = Release|Any CPU
		{48260FA3-8D01-4E56-BBEC-249B3D057E00}.Release|Any CPU.Build.0 = Release|Any CPU
	EndGlobalSection
	GlobalSection(SolutionProperties) = preSolution
		HideSolutionNode = FALSE
	EndGlobalSection
	GlobalSection(ExtensibilityGlobals) = postSolution
		SolutionGuid = {EF3C24D4-6417-4416-ACF4-C8A0317F3265}
	EndGlobalSection
EndGlobal
